PODS:
  - Flutter (1.0.0)
  - motion (0.0.1):
    - Flutter

DEPENDENCIES:
  - Flutter (from `Flutter`)
  - motion (from `.symlinks/plugins/motion/ios`)

EXTERNAL SOURCES:
  Flutter:
    :path: Flutter
  motion:
    :path: ".symlinks/plugins/motion/ios"

SPEC CHECKSUMS:
  Flutter: e0871f40cf51350855a761d2e70bf5af5b9b5de7
  motion: 7f0d608a472de69d1210c1d871600cde66ae4d54

PODFILE CHECKSUM: c4c93c5f6502fe2754f48404d3594bf779584011

COCOAPODS: 1.14.3
